
Microsoft Visual Studio Solution File, Format Version 12.00
# Visual Studio 15
Project("{FAE04EC0-301F-11D3-BF4B-00C04F79EFBC}") = "Assembly-CSharp", "Assembly-CSharp.csproj", "{3CDA752D-E7E7-D8D6-8561-DAA8FB6FA294}"
EndProject
Project("{FAE04EC0-301F-11D3-BF4B-00C04F79EFBC}") = "Oculus.VR", "Oculus.VR.csproj", "{8973CE73-DA1C-70E6-3EF6-E0C16F1B7F89}"
EndProject
Project("{FAE04EC0-301F-11D3-BF4B-00C04F79EFBC}") = "Assembly-CSharp-Editor", "Assembly-CSharp-Editor.csproj", "{7D746964-8AD3-143C-B256-CC71A389D426}"
EndProject
Project("{FAE04EC0-301F-11D3-BF4B-00C04F79EFBC}") = "Oculus.VR.Scripts.Editor", "Oculus.VR.Scripts.Editor.csproj", "{A4D3FEA2-F574-BB70-0F97-C567B03156E9}"
EndProject
Project("{FAE04EC0-301F-11D3-BF4B-00C04F79EFBC}") = "Oculus.VR.Editor", "Oculus.VR.Editor.csproj", "{38FF6B12-06C3-A279-3102-15B5F3D4F7EC}"
EndProject
Global
	GlobalSection(SolutionConfigurationPlatforms) = preSolution
		Debug|Any CPU = Debug|Any CPU
		Release|Any CPU = Release|Any CPU
	EndGlobalSection
	GlobalSection(ProjectConfigurationPlatforms) = postSolution
		{3CDA752D-E7E7-D8D6-8561-DAA8FB6FA294}.Debug|Any CPU.ActiveCfg = Debug|Any CPU
		{3CDA752D-E7E7-D8D6-8561-DAA8FB6FA294}.Debug|Any CPU.Build.0 = Debug|Any CPU
		{3CDA752D-E7E7-D8D6-8561-DAA8FB6FA294}.Release|Any CPU.ActiveCfg = Release|Any CPU
		{3CDA752D-E7E7-D8D6-8561-DAA8FB6FA294}.Release|Any CPU.Build.0 = Release|Any CPU
		{8973CE73-DA1C-70E6-3EF6-E0C16F1B7F89}.Debug|Any CPU.ActiveCfg = Debug|Any CPU
		{8973CE73-DA1C-70E6-3EF6-E0C16F1B7F89}.Debug|Any CPU.Build.0 = Debug|Any CPU
		{8973CE73-DA1C-70E6-3EF6-E0C16F1B7F89}.Release|Any CPU.ActiveCfg = Release|Any CPU
		{8973CE73-DA1C-70E6-3EF6-E0C16F1B7F89}.Release|Any CPU.Build.0 = Release|Any CPU
		{7D746964-8AD3-143C-B256-CC71A389D426}.Debug|Any CPU.ActiveCfg = Debug|Any CPU
		{7D746964-8AD3-143C-B256-CC71A389D426}.Debug|Any CPU.Build.0 = Debug|Any CPU
		{7D746964-8AD3-143C-B256-CC71A389D426}.Release|Any CPU.ActiveCfg = Release|Any CPU
		{7D746964-8AD3-143C-B256-CC71A389D426}.Release|Any CPU.Build.0 = Release|Any CPU
		{A4D3FEA2-F574-BB70-0F97-C567B03156E9}.Debug|Any CPU.ActiveCfg = Debug|Any CPU
		{A4D3FEA2-F574-BB70-0F97-C567B03156E9}.Debug|Any CPU.Build.0 = Debug|Any CPU
		{A4D3FEA2-F574-BB70-0F97-C567B03156E9}.Release|Any CPU.ActiveCfg = Release|Any CPU
		{A4D3FEA2-F574-BB70-0F97-C567B03156E9}.Release|Any CPU.Build.0 = Release|Any CPU
		{38FF6B12-06C3-A279-3102-15B5F3D4F7EC}.Debug|Any CPU.ActiveCfg = Debug|Any CPU
		{38FF6B12-06C3-A279-3102-15B5F3D4F7EC}.Debug|Any CPU.Build.0 = Debug|Any CPU
		{38FF6B12-06C3-A279-3102-15B5F3D4F7EC}.Release|Any CPU.ActiveCfg = Release|Any CPU
		{38FF6B12-06C3-A279-3102-15B5F3D4F7EC}.Release|Any CPU.Build.0 = Release|Any CPU
	EndGlobalSection
	GlobalSection(SolutionProperties) = preSolution
		HideSolutionNode = FALSE
	EndGlobalSection
EndGlobal
